
Microsoft Visual Studio Solution File, Format Version 12.00
# Visual Studio Version 17
VisualStudioVersion = 17.14.36212.18 d17.14
MinimumVisualStudioVersion = 10.0.40219.1
Project("{FAE04EC0-301F-11D3-BF4B-00C04F79EFBC}") = "ECommerseApiAutomation", "ECommerseApiAutomation.csproj", "{A041C3A4-2F00-4F70-AAAA-DFF7405BF953}"
EndProject
Global
	GlobalSection(SolutionConfigurationPlatforms) = preSolution
		Debug|Any CPU = Debug|Any CPU
		Release|Any CPU = Release|Any CPU
	EndGlobalSection
	GlobalSection(ProjectConfigurationPlatforms) = postSolution
		{A041C3A4-2F00-4F70-AAAA-DFF7405BF953}.Debug|Any CPU.ActiveCfg = Debug|Any CPU
		{A041C3A4-2F00-4F70-AAAA-DFF7405BF953}.Debug|Any CPU.Build.0 = Debug|Any CPU
		{A041C3A4-2F00-4F70-AAAA-DFF7405BF953}.Release|Any CPU.ActiveCfg = Release|Any CPU
		{A041C3A4-2F00-4F70-AAAA-DFF7405BF953}.Release|Any CPU.Build.0 = Release|Any CPU
	EndGlobalSection
	GlobalSection(SolutionProperties) = preSolution
		HideSolutionNode = FALSE
	EndGlobalSection
	GlobalSection(ExtensibilityGlobals) = postSolution
		SolutionGuid = {B0930ADC-217E-4761-87D4-27128A48D4BF}
	EndGlobalSection
EndGlobal
